
Microsoft Visual Studio Solution File, Format Version 12.00
# Visual Studio Version 16
VisualStudioVersion = 16.0.29123.88
MinimumVisualStudioVersion = 10.0.40219.1
Project("{8BC9CEB8-8B4A-11D0-8D11-00A0C91BC942}") = "matrix_sum", "matrix_sum\matrix_sum.vcxproj", "{4FF21018-0C0A-4E21-A734-296A4D757E8B}"
EndProject
Global
	GlobalSection(SolutionConfigurationPlatforms) = preSolution
		Debug|x64 = Debug|x64
		Debug|x86 = Debug|x86
		Release|x64 = Release|x64
		Release|x86 = Release|x86
	EndGlobalSection
	GlobalSection(ProjectConfigurationPlatforms) = postSolution
		{4FF21018-0C0A-4E21-A734-296A4D757E8B}.Debug|x64.ActiveCfg = Debug|x64
		{4FF21018-0C0A-4E21-A734-296A4D757E8B}.Debug|x64.Build.0 = Debug|x64
		{4FF21018-0C0A-4E21-A734-296A4D757E8B}.Debug|x86.ActiveCfg = Debug|Win32
		{4FF21018-0C0A-4E21-A734-296A4D757E8B}.Debug|x86.Build.0 = Debug|Win32
		{4FF21018-0C0A-4E21-A734-296A4D757E8B}.Release|x64.ActiveCfg = Release|x64
		{4FF21018-0C0A-4E21-A734-296A4D757E8B}.Release|x64.Build.0 = Release|x64
		{4FF21018-0C0A-4E21-A734-296A4D757E8B}.Release|x86.ActiveCfg = Release|Win32
		{4FF21018-0C0A-4E21-A734-296A4D757E8B}.Release|x86.Build.0 = Release|Win32
	EndGlobalSection
	GlobalSection(SolutionProperties) = preSolution
		HideSolutionNode = FALSE
	EndGlobalSection
	GlobalSection(ExtensibilityGlobals) = postSolution
		SolutionGuid = {41260E25-74FF-4765-B776-D97E2810995D}
	EndGlobalSection
EndGlobal
